
Microsoft Visual Studio Solution File, Format Version 10.00
# Visual C++ Express 2008
Project("{8BC9CEB8-8B4A-11D0-8D11-00A0C91BC942}") = "test", "rdb.vcproj", "{B9AED528-A739-4236-8FBF-E8970EEB4BD1}"
EndProject
Project("{8BC9CEB8-8B4A-11D0-8D11-00A0C91BC942}") = "test_odbc", "test_odbc\test_odbc.vcproj", "{7C86D04C-8668-4EE1-9BD5-3E5817B737E7}"
	ProjectSection(ProjectDependencies) = postProject
		{B130A03B-B321-4C05-9BA2-42861DB76890} = {B130A03B-B321-4C05-9BA2-42861DB76890}
	EndProjectSection
EndProject
Project("{8BC9CEB8-8B4A-11D0-8D11-00A0C91BC942}") = "odbc", "odbc\odbc.vcproj", "{B130A03B-B321-4C05-9BA2-42861DB76890}"
EndProject
Global
	GlobalSection(SolutionConfigurationPlatforms) = preSolution
		Debug|Win32 = Debug|Win32
		Release|Win32 = Release|Win32
	EndGlobalSection
	GlobalSection(ProjectConfigurationPlatforms) = postSolution
		{B9AED528-A739-4236-8FBF-E8970EEB4BD1}.Debug|Win32.ActiveCfg = Debug|Win32
		{B9AED528-A739-4236-8FBF-E8970EEB4BD1}.Debug|Win32.Build.0 = Debug|Win32
		{B9AED528-A739-4236-8FBF-E8970EEB4BD1}.Release|Win32.ActiveCfg = Release|Win32
		{B9AED528-A739-4236-8FBF-E8970EEB4BD1}.Release|Win32.Build.0 = Release|Win32
		{7C86D04C-8668-4EE1-9BD5-3E5817B737E7}.Debug|Win32.ActiveCfg = Debug|Win32
		{7C86D04C-8668-4EE1-9BD5-3E5817B737E7}.Debug|Win32.Build.0 = Debug|Win32
		{7C86D04C-8668-4EE1-9BD5-3E5817B737E7}.Release|Win32.ActiveCfg = Release|Win32
		{7C86D04C-8668-4EE1-9BD5-3E5817B737E7}.Release|Win32.Build.0 = Release|Win32
		{B130A03B-B321-4C05-9BA2-42861DB76890}.Debug|Win32.ActiveCfg = Debug|Win32
		{B130A03B-B321-4C05-9BA2-42861DB76890}.Debug|Win32.Build.0 = Debug|Win32
		{B130A03B-B321-4C05-9BA2-42861DB76890}.Release|Win32.ActiveCfg = Release|Win32
		{B130A03B-B321-4C05-9BA2-42861DB76890}.Release|Win32.Build.0 = Release|Win32
	EndGlobalSection
	GlobalSection(SolutionProperties) = preSolution
		HideSolutionNode = FALSE
	EndGlobalSection
EndGlobal
